
Microsoft Visual Studio Solution File, Format Version 12.00
# Visual Studio Version 17
VisualStudioVersion = 17.0.31903.59
MinimumVisualStudioVersion = 10.0.40219.1
Project("{FAE04EC0-301F-11D3-BF4B-00C04F79EFBC}") = "Antiphon.Server", "server\Antiphon.Server.csproj", "{A115090E-AB30-463F-B0ED-ACE6D6089917}"
EndProject
Project("{FAE04EC0-301F-11D3-BF4B-00C04F79EFBC}") = "Antiphon.AppHost", "Antiphon.AppHost\Antiphon.AppHost.csproj", "{D4470F2B-6E93-4F5C-AE73-1C2D3E4F5A6B}"
EndProject
Project("{FAE04EC0-301F-11D3-BF4B-00C04F79EFBC}") = "Antiphon.Tests", "tests\Antiphon.Tests\Antiphon.Tests.csproj", "{B2250E0F-4C91-4D3A-9F71-1A8E5F3B7C01}"
EndProject
Project("{FAE04EC0-301F-11D3-BF4B-00C04F79EFBC}") = "Antiphon.E2E", "tests\Antiphon.E2E\Antiphon.E2E.csproj", "{C3360F1A-5D82-4E4B-AF82-2B9F6E4D8E02}"
EndProject
Project("{2150E333-8FDC-42A3-9474-1A3956D46DE8}") = "src", "src", "{827E0CD3-B72D-47B6-A68D-7590B98EB39B}"
EndProject
Project("{FAE04EC0-301F-11D3-BF4B-00C04F79EFBC}") = "Antiphon.Agents.Pty", "src\Antiphon.Agents.Pty\Antiphon.Agents.Pty.csproj", "{1CBD5029-4D75-4EEE-AAE4-96356050165F}"
EndProject
Project("{2150E333-8FDC-42A3-9474-1A3956D46DE8}") = "tests", "tests", "{0AB3BF05-4346-4AA6-1389-037BE0695223}"
EndProject
Project("{FAE04EC0-301F-11D3-BF4B-00C04F79EFBC}") = "Antiphon.Agents.Pty.Tests", "tests\Antiphon.Agents.Pty.Tests\Antiphon.Agents.Pty.Tests.csproj", "{8426B8B8-F69F-48AC-82F8-4B06387359A9}"
EndProject
Project("{FAE04EC0-301F-11D3-BF4B-00C04F79EFBC}") = "Antiphon.SessionRunner.Contracts", "src\Antiphon.SessionRunner.Contracts\Antiphon.SessionRunner.Contracts.csproj", "{12D0DBF1-A11F-42F9-BD11-06D734EBD89E}"
EndProject
Project("{FAE04EC0-301F-11D3-BF4B-00C04F79EFBC}") = "Antiphon.SessionRunner", "src\Antiphon.SessionRunner\Antiphon.SessionRunner.csproj", "{CE57C69D-F84C-4353-8DEB-76AF4F2EE21D}"
EndProject
Project("{FAE04EC0-301F-11D3-BF4B-00C04F79EFBC}") = "Antiphon.Messaging", "src\Antiphon.Messaging\Antiphon.Messaging.csproj", "{50D1889A-274E-4696-B88E-2EB2B9EAC55A}"
EndProject
Project("{FAE04EC0-301F-11D3-BF4B-00C04F79EFBC}") = "Antiphon.Messaging.Telegram", "src\Antiphon.Messaging.Telegram\Antiphon.Messaging.Telegram.csproj", "{0E032925-8FC2-4AE3-9CE3-1D894368F1A0}"
EndProject
Project("{FAE04EC0-301F-11D3-BF4B-00C04F79EFBC}") = "Antiphon.Messaging.Service", "src\Antiphon.Messaging.Service\Antiphon.Messaging.Service.csproj", "{7B09CDB9-51E3-48EB-A0F3-FC3BB97FD6DE}"
EndProject
Project("{FAE04EC0-301F-11D3-BF4B-00C04F79EFBC}") = "Antiphon.Messaging.Tests", "tests\Antiphon.Messaging.Tests\Antiphon.Messaging.Tests.csproj", "{83E22A67-CF75-44E8-A33E-CF41388753DA}"
EndProject
Project("{FAE04EC0-301F-11D3-BF4B-00C04F79EFBC}") = "Antiphon.Messaging.Client", "src\Antiphon.Messaging.Client\Antiphon.Messaging.Client.csproj", "{60D8A49D-313D-47D6-A041-A1293E76DC72}"
EndProject
Project("{FAE04EC0-301F-11D3-BF4B-00C04F79EFBC}") = "Antiphon.Messaging.Client.Testing", "src\Antiphon.Messaging.Client.Testing\Antiphon.Messaging.Client.Testing.csproj", "{34444EC9-768E-4D4C-8DC1-6E34866BEC37}"
EndProject
Project("{FAE04EC0-301F-11D3-BF4B-00C04F79EFBC}") = "Antiphon.FakeClaude", "src\Antiphon.FakeClaude\Antiphon.FakeClaude.csproj", "{24E8E5B7-0E08-4FAE-BECB-695F7CBAEA80}"
EndProject
Project("{FAE04EC0-301F-11D3-BF4B-00C04F79EFBC}") = "Antiphon.SessionRunner.Tests", "tests\Antiphon.SessionRunner.Tests\Antiphon.SessionRunner.Tests.csproj", "{88A7299E-A9D5-4CAD-8524-E15741074EFE}"
EndProject
Project("{FAE04EC0-301F-11D3-BF4B-00C04F79EFBC}") = "Antiphon.PtyHost.Protocol", "src\Antiphon.PtyHost.Protocol\Antiphon.PtyHost.Protocol.csproj", "{5493A5BC-946E-4B34-9545-51170BAEED05}"
EndProject
Project("{FAE04EC0-301F-11D3-BF4B-00C04F79EFBC}") = "Antiphon.PtyHost", "src\Antiphon.PtyHost\Antiphon.PtyHost.csproj", "{42008704-46E5-4229-8EBB-A3282BFBA444}"
EndProject
Project("{FAE04EC0-301F-11D3-BF4B-00C04F79EFBC}") = "Antiphon.PtyHost.Tests", "tests\Antiphon.PtyHost.Tests\Antiphon.PtyHost.Tests.csproj", "{9B97371A-82F2-40F8-BA08-8FAA5392BBA9}"
EndProject
Global
	GlobalSection(SolutionConfigurationPlatforms) = preSolution
		Debug|Any CPU = Debug|Any CPU
		Debug|x64 = Debug|x64
		Debug|x86 = Debug|x86
		Release|Any CPU = Release|Any CPU
		Release|x64 = Release|x64
		Release|x86 = Release|x86
	EndGlobalSection
	GlobalSection(ProjectConfigurationPlatforms) = postSolution
		{A115090E-AB30-463F-B0ED-ACE6D6089917}.Debug|Any CPU.ActiveCfg = Debug|Any CPU
		{A115090E-AB30-463F-B0ED-ACE6D6089917}.Debug|Any CPU.Build.0 = Debug|Any CPU
		{A115090E-AB30-463F-B0ED-ACE6D6089917}.Debug|x64.ActiveCfg = Debug|Any CPU
		{A115090E-AB30-463F-B0ED-ACE6D6089917}.Debug|x64.Build.0 = Debug|Any CPU
		{A115090E-AB30-463F-B0ED-ACE6D6089917}.Debug|x86.ActiveCfg = Debug|Any CPU
		{A115090E-AB30-463F-B0ED-ACE6D6089917}.Debug|x86.Build.0 = Debug|Any CPU
		{A115090E-AB30-463F-B0ED-ACE6D6089917}.Release|Any CPU.ActiveCfg = Release|Any CPU
		{A115090E-AB30-463F-B0ED-ACE6D6089917}.Release|Any CPU.Build.0 = Release|Any CPU
		{A115090E-AB30-463F-B0ED-ACE6D6089917}.Release|x64.ActiveCfg = Release|Any CPU
		{A115090E-AB30-463F-B0ED-ACE6D6089917}.Release|x64.Build.0 = Release|Any CPU
		{A115090E-AB30-463F-B0ED-ACE6D6089917}.Release|x86.ActiveCfg = Release|Any CPU
		{A115090E-AB30-463F-B0ED-ACE6D6089917}.Release|x86.Build.0 = Release|Any CPU
		{D4470F2B-6E93-4F5C-AE73-1C2D3E4F5A6B}.Debug|Any CPU.ActiveCfg = Debug|Any CPU
		{D4470F2B-6E93-4F5C-AE73-1C2D3E4F5A6B}.Debug|Any CPU.Build.0 = Debug|Any CPU
		{D4470F2B-6E93-4F5C-AE73-1C2D3E4F5A6B}.Debug|x64.ActiveCfg = Debug|Any CPU
		{D4470F2B-6E93-4F5C-AE73-1C2D3E4F5A6B}.Debug|x64.Build.0 = Debug|Any CPU
		{D4470F2B-6E93-4F5C-AE73-1C2D3E4F5A6B}.Debug|x86.ActiveCfg = Debug|Any CPU
		{D4470F2B-6E93-4F5C-AE73-1C2D3E4F5A6B}.Debug|x86.Build.0 = Debug|Any CPU
		{D4470F2B-6E93-4F5C-AE73-1C2D3E4F5A6B}.Release|Any CPU.ActiveCfg = Release|Any CPU
		{D4470F2B-6E93-4F5C-AE73-1C2D3E4F5A6B}.Release|Any CPU.Build.0 = Release|Any CPU
		{D4470F2B-6E93-4F5C-AE73-1C2D3E4F5A6B}.Release|x64.ActiveCfg = Release|Any CPU
		{D4470F2B-6E93-4F5C-AE73-1C2D3E4F5A6B}.Release|x64.Build.0 = Release|Any CPU
		{D4470F2B-6E93-4F5C-AE73-1C2D3E4F5A6B}.Release|x86.ActiveCfg = Release|Any CPU
		{D4470F2B-6E93-4F5C-AE73-1C2D3E4F5A6B}.Release|x86.Build.0 = Release|Any CPU
		{B2250E0F-4C91-4D3A-9F71-1A8E5F3B7C01}.Debug|Any CPU.ActiveCfg = Debug|Any CPU
		{B2250E0F-4C91-4D3A-9F71-1A8E5F3B7C01}.Debug|Any CPU.Build.0 = Debug|Any CPU
		{B2250E0F-4C91-4D3A-9F71-1A8E5F3B7C01}.Debug|x64.ActiveCfg = Debug|Any CPU
		{B2250E0F-4C91-4D3A-9F71-1A8E5F3B7C01}.Debug|x64.Build.0 = Debug|Any CPU
		{B2250E0F-4C91-4D3A-9F71-1A8E5F3B7C01}.Debug|x86.ActiveCfg = Debug|Any CPU
		{B2250E0F-4C91-4D3A-9F71-1A8E5F3B7C01}.Debug|x86.Build.0 = Debug|Any CPU
		{B2250E0F-4C91-4D3A-9F71-1A8E5F3B7C01}.Release|Any CPU.ActiveCfg = Release|Any CPU
		{B2250E0F-4C91-4D3A-9F71-1A8E5F3B7C01}.Release|Any CPU.Build.0 = Release|Any CPU
		{B2250E0F-4C91-4D3A-9F71-1A8E5F3B7C01}.Release|x64.ActiveCfg = Release|Any CPU
		{B2250E0F-4C91-4D3A-9F71-1A8E5F3B7C01}.Release|x64.Build.0 = Release|Any CPU
		{B2250E0F-4C91-4D3A-9F71-1A8E5F3B7C01}.Release|x86.ActiveCfg = Release|Any CPU
		{B2250E0F-4C91-4D3A-9F71-1A8E5F3B7C01}.Release|x86.Build.0 = Release|Any CPU
		{C3360F1A-5D82-4E4B-AF82-2B9F6E4D8E02}.Debug|Any CPU.ActiveCfg = Debug|Any CPU
		{C3360F1A-5D82-4E4B-AF82-2B9F6E4D8E02}.Debug|Any CPU.Build.0 = Debug|Any CPU
		{C3360F1A-5D82-4E4B-AF82-2B9F6E4D8E02}.Debug|x64.ActiveCfg = Debug|Any CPU
		{C3360F1A-5D82-4E4B-AF82-2B9F6E4D8E02}.Debug|x64.Build.0 = Debug|Any CPU
		{C3360F1A-5D82-4E4B-AF82-2B9F6E4D8E02}.Debug|x86.ActiveCfg = Debug|Any CPU
		{C3360F1A-5D82-4E4B-AF82-2B9F6E4D8E02}.Debug|x86.Build.0 = Debug|Any CPU
		{C3360F1A-5D82-4E4B-AF82-2B9F6E4D8E02}.Release|Any CPU.ActiveCfg = Release|Any CPU
		{C3360F1A-5D82-4E4B-AF82-2B9F6E4D8E02}.Release|Any CPU.Build.0 = Release|Any CPU
		{C3360F1A-5D82-4E4B-AF82-2B9F6E4D8E02}.Release|x64.ActiveCfg = Release|Any CPU
		{C3360F1A-5D82-4E4B-AF82-2B9F6E4D8E02}.Release|x64.Build.0 = Release|Any CPU
		{C3360F1A-5D82-4E4B-AF82-2B9F6E4D8E02}.Release|x86.ActiveCfg = Release|Any CPU
		{C3360F1A-5D82-4E4B-AF82-2B9F6E4D8E02}.Release|x86.Build.0 = Release|Any CPU
		{1CBD5029-4D75-4EEE-AAE4-96356050165F}.Debug|Any CPU.ActiveCfg = Debug|Any CPU
		{1CBD5029-4D75-4EEE-AAE4-96356050165F}.Debug|Any CPU.Build.0 = Debug|Any CPU
		{1CBD5029-4D75-4EEE-AAE4-96356050165F}.Debug|x64.ActiveCfg = Debug|Any CPU
		{1CBD5029-4D75-4EEE-AAE4-96356050165F}.Debug|x64.Build.0 = Debug|Any CPU
		{1CBD5029-4D75-4EEE-AAE4-96356050165F}.Debug|x86.ActiveCfg = Debug|Any CPU
		{1CBD5029-4D75-4EEE-AAE4-96356050165F}.Debug|x86.Build.0 = Debug|Any CPU
		{1CBD5029-4D75-4EEE-AAE4-96356050165F}.Release|Any CPU.ActiveCfg = Release|Any CPU
		{1CBD5029-4D75-4EEE-AAE4-96356050165F}.Release|Any CPU.Build.0 = Release|Any CPU
		{1CBD5029-4D75-4EEE-AAE4-96356050165F}.Release|x64.ActiveCfg = Release|Any CPU
		{1CBD5029-4D75-4EEE-AAE4-96356050165F}.Release|x64.Build.0 = Release|Any CPU
		{1CBD5029-4D75-4EEE-AAE4-96356050165F}.Release|x86.ActiveCfg = Release|Any CPU
		{1CBD5029-4D75-4EEE-AAE4-96356050165F}.Release|x86.Build.0 = Release|Any CPU
		{8426B8B8-F69F-48AC-82F8-4B06387359A9}.Debug|Any CPU.ActiveCfg = Debug|Any CPU
		{8426B8B8-F69F-48AC-82F8-4B06387359A9}.Debug|Any CPU.Build.0 = Debug|Any CPU
		{8426B8B8-F69F-48AC-82F8-4B06387359A9}.Debug|x64.ActiveCfg = Debug|Any CPU
		{8426B8B8-F69F-48AC-82F8-4B06387359A9}.Debug|x64.Build.0 = Debug|Any CPU
		{8426B8B8-F69F-48AC-82F8-4B06387359A9}.Debug|x86.ActiveCfg = Debug|Any CPU
		{8426B8B8-F69F-48AC-82F8-4B06387359A9}.Debug|x86.Build.0 = Debug|Any CPU
		{8426B8B8-F69F-48AC-82F8-4B06387359A9}.Release|Any CPU.ActiveCfg = Release|Any CPU
		{8426B8B8-F69F-48AC-82F8-4B06387359A9}.Release|Any CPU.Build.0 = Release|Any CPU
		{8426B8B8-F69F-48AC-82F8-4B06387359A9}.Release|x64.ActiveCfg = Release|Any CPU
		{8426B8B8-F69F-48AC-82F8-4B06387359A9}.Release|x64.Build.0 = Release|Any CPU
		{8426B8B8-F69F-48AC-82F8-4B06387359A9}.Release|x86.ActiveCfg = Release|Any CPU
		{8426B8B8-F69F-48AC-82F8-4B06387359A9}.Release|x86.Build.0 = Release|Any CPU
		{12D0DBF1-A11F-42F9-BD11-06D734EBD89E}.Debug|Any CPU.ActiveCfg = Debug|Any CPU
		{12D0DBF1-A11F-42F9-BD11-06D734EBD89E}.Debug|Any CPU.Build.0 = Debug|Any CPU
		{12D0DBF1-A11F-42F9-BD11-06D734EBD89E}.Debug|x64.ActiveCfg = Debug|Any CPU
		{12D0DBF1-A11F-42F9-BD11-06D734EBD89E}.Debug|x64.Build.0 = Debug|Any CPU
		{12D0DBF1-A11F-42F9-BD11-06D734EBD89E}.Debug|x86.ActiveCfg = Debug|Any CPU
		{12D0DBF1-A11F-42F9-BD11-06D734EBD89E}.Debug|x86.Build.0 = Debug|Any CPU
		{12D0DBF1-A11F-42F9-BD11-06D734EBD89E}.Release|Any CPU.ActiveCfg = Release|Any CPU
		{12D0DBF1-A11F-42F9-BD11-06D734EBD89E}.Release|Any CPU.Build.0 = Release|Any CPU
		{12D0DBF1-A11F-42F9-BD11-06D734EBD89E}.Release|x64.ActiveCfg = Release|Any CPU
		{12D0DBF1-A11F-42F9-BD11-06D734EBD89E}.Release|x64.Build.0 = Release|Any CPU
		{12D0DBF1-A11F-42F9-BD11-06D734EBD89E}.Release|x86.ActiveCfg = Release|Any CPU
		{12D0DBF1-A11F-42F9-BD11-06D734EBD89E}.Release|x86.Build.0 = Release|Any CPU
		{CE57C69D-F84C-4353-8DEB-76AF4F2EE21D}.Debug|Any CPU.ActiveCfg = Debug|Any CPU
		{CE57C69D-F84C-4353-8DEB-76AF4F2EE21D}.Debug|Any CPU.Build.0 = Debug|Any CPU
		{CE57C69D-F84C-4353-8DEB-76AF4F2EE21D}.Debug|x64.ActiveCfg = Debug|Any CPU
		{CE57C69D-F84C-4353-8DEB-76AF4F2EE21D}.Debug|x64.Build.0 = Debug|Any CPU
		{CE57C69D-F84C-4353-8DEB-76AF4F2EE21D}.Debug|x86.ActiveCfg = Debug|Any CPU
		{CE57C69D-F84C-4353-8DEB-76AF4F2EE21D}.Debug|x86.Build.0 = Debug|Any CPU
		{CE57C69D-F84C-4353-8DEB-76AF4F2EE21D}.Release|Any CPU.ActiveCfg = Release|Any CPU
		{CE57C69D-F84C-4353-8DEB-76AF4F2EE21D}.Release|Any CPU.Build.0 = Release|Any CPU
		{CE57C69D-F84C-4353-8DEB-76AF4F2EE21D}.Release|x64.ActiveCfg = Release|Any CPU
		{CE57C69D-F84C-4353-8DEB-76AF4F2EE21D}.Release|x64.Build.0 = Release|Any CPU
		{CE57C69D-F84C-4353-8DEB-76AF4F2EE21D}.Release|x86.ActiveCfg = Release|Any CPU
		{CE57C69D-F84C-4353-8DEB-76AF4F2EE21D}.Release|x86.Build.0 = Release|Any CPU
		{50D1889A-274E-4696-B88E-2EB2B9EAC55A}.Debug|Any CPU.ActiveCfg = Debug|Any CPU
		{50D1889A-274E-4696-B88E-2EB2B9EAC55A}.Debug|Any CPU.Build.0 = Debug|Any CPU
		{50D1889A-274E-4696-B88E-2EB2B9EAC55A}.Debug|x64.ActiveCfg = Debug|Any CPU
		{50D1889A-274E-4696-B88E-2EB2B9EAC55A}.Debug|x64.Build.0 = Debug|Any CPU
		{50D1889A-274E-4696-B88E-2EB2B9EAC55A}.Debug|x86.ActiveCfg = Debug|Any CPU
		{50D1889A-274E-4696-B88E-2EB2B9EAC55A}.Debug|x86.Build.0 = Debug|Any CPU
		{50D1889A-274E-4696-B88E-2EB2B9EAC55A}.Release|Any CPU.ActiveCfg = Release|Any CPU
		{50D1889A-274E-4696-B88E-2EB2B9EAC55A}.Release|Any CPU.Build.0 = Release|Any CPU
		{50D1889A-274E-4696-B88E-2EB2B9EAC55A}.Release|x64.ActiveCfg = Release|Any CPU
		{50D1889A-274E-4696-B88E-2EB2B9EAC55A}.Release|x64.Build.0 = Release|Any CPU
		{50D1889A-274E-4696-B88E-2EB2B9EAC55A}.Release|x86.ActiveCfg = Release|Any CPU
		{50D1889A-274E-4696-B88E-2EB2B9EAC55A}.Release|x86.Build.0 = Release|Any CPU
		{0E032925-8FC2-4AE3-9CE3-1D894368F1A0}.Debug|Any CPU.ActiveCfg = Debug|Any CPU
		{0E032925-8FC2-4AE3-9CE3-1D894368F1A0}.Debug|Any CPU.Build.0 = Debug|Any CPU
		{0E032925-8FC2-4AE3-9CE3-1D894368F1A0}.Debug|x64.ActiveCfg = Debug|Any CPU
		{0E032925-8FC2-4AE3-9CE3-1D894368F1A0}.Debug|x64.Build.0 = Debug|Any CPU
		{0E032925-8FC2-4AE3-9CE3-1D894368F1A0}.Debug|x86.ActiveCfg = Debug|Any CPU
		{0E032925-8FC2-4AE3-9CE3-1D894368F1A0}.Debug|x86.Build.0 = Debug|Any CPU
		{0E032925-8FC2-4AE3-9CE3-1D894368F1A0}.Release|Any CPU.ActiveCfg = Release|Any CPU
		{0E032925-8FC2-4AE3-9CE3-1D894368F1A0}.Release|Any CPU.Build.0 = Release|Any CPU
		{0E032925-8FC2-4AE3-9CE3-1D894368F1A0}.Release|x64.ActiveCfg = Release|Any CPU
		{0E032925-8FC2-4AE3-9CE3-1D894368F1A0}.Release|x64.Build.0 = Release|Any CPU
		{0E032925-8FC2-4AE3-9CE3-1D894368F1A0}.Release|x86.ActiveCfg = Release|Any CPU
		{0E032925-8FC2-4AE3-9CE3-1D894368F1A0}.Release|x86.Build.0 = Release|Any CPU
		{7B09CDB9-51E3-48EB-A0F3-FC3BB97FD6DE}.Debug|Any CPU.ActiveCfg = Debug|Any CPU
		{7B09CDB9-51E3-48EB-A0F3-FC3BB97FD6DE}.Debug|Any CPU.Build.0 = Debug|Any CPU
		{7B09CDB9-51E3-48EB-A0F3-FC3BB97FD6DE}.Debug|x64.ActiveCfg = Debug|Any CPU
		{7B09CDB9-51E3-48EB-A0F3-FC3BB97FD6DE}.Debug|x64.Build.0 = Debug|Any CPU
		{7B09CDB9-51E3-48EB-A0F3-FC3BB97FD6DE}.Debug|x86.ActiveCfg = Debug|Any CPU
		{7B09CDB9-51E3-48EB-A0F3-FC3BB97FD6DE}.Debug|x86.Build.0 = Debug|Any CPU
		{7B09CDB9-51E3-48EB-A0F3-FC3BB97FD6DE}.Release|Any CPU.ActiveCfg = Release|Any CPU
		{7B09CDB9-51E3-48EB-A0F3-FC3BB97FD6DE}.Release|Any CPU.Build.0 = Release|Any CPU
		{7B09CDB9-51E3-48EB-A0F3-FC3BB97FD6DE}.Release|x64.ActiveCfg = Release|Any CPU
		{7B09CDB9-51E3-48EB-A0F3-FC3BB97FD6DE}.Release|x64.Build.0 = Release|Any CPU
		{7B09CDB9-51E3-48EB-A0F3-FC3BB97FD6DE}.Release|x86.ActiveCfg = Release|Any CPU
		{7B09CDB9-51E3-48EB-A0F3-FC3BB97FD6DE}.Release|x86.Build.0 = Release|Any CPU
		{83E22A67-CF75-44E8-A33E-CF41388753DA}.Debug|Any CPU.ActiveCfg = Debug|Any CPU
		{83E22A67-CF75-44E8-A33E-CF41388753DA}.Debug|Any CPU.Build.0 = Debug|Any CPU
		{83E22A67-CF75-44E8-A33E-CF41388753DA}.Debug|x64.ActiveCfg = Debug|Any CPU
		{83E22A67-CF75-44E8-A33E-CF41388753DA}.Debug|x64.Build.0 = Debug|Any CPU
		{83E22A67-CF75-44E8-A33E-CF41388753DA}.Debug|x86.ActiveCfg = Debug|Any CPU
		{83E22A67-CF75-44E8-A33E-CF41388753DA}.Debug|x86.Build.0 = Debug|Any CPU
		{83E22A67-CF75-44E8-A33E-CF41388753DA}.Release|Any CPU.ActiveCfg = Release|Any CPU
		{83E22A67-CF75-44E8-A33E-CF41388753DA}.Release|Any CPU.Build.0 = Release|Any CPU
		{83E22A67-CF75-44E8-A33E-CF41388753DA}.Release|x64.ActiveCfg = Release|Any CPU
		{83E22A67-CF75-44E8-A33E-CF41388753DA}.Release|x64.Build.0 = Release|Any CPU
		{83E22A67-CF75-44E8-A33E-CF41388753DA}.Release|x86.ActiveCfg = Release|Any CPU
		{83E22A67-CF75-44E8-A33E-CF41388753DA}.Release|x86.Build.0 = Release|Any CPU
		{60D8A49D-313D-47D6-A041-A1293E76DC72}.Debug|Any CPU.ActiveCfg = Debug|Any CPU
		{60D8A49D-313D-47D6-A041-A1293E76DC72}.Debug|Any CPU.Build.0 = Debug|Any CPU
		{60D8A49D-313D-47D6-A041-A1293E76DC72}.Debug|x64.ActiveCfg = Debug|Any CPU
		{60D8A49D-313D-47D6-A041-A1293E76DC72}.Debug|x64.Build.0 = Debug|Any CPU
		{60D8A49D-313D-47D6-A041-A1293E76DC72}.Debug|x86.ActiveCfg = Debug|Any CPU
		{60D8A49D-313D-47D6-A041-A1293E76DC72}.Debug|x86.Build.0 = Debug|Any CPU
		{60D8A49D-313D-47D6-A041-A1293E76DC72}.Release|Any CPU.ActiveCfg = Release|Any CPU
		{60D8A49D-313D-47D6-A041-A1293E76DC72}.Release|Any CPU.Build.0 = Release|Any CPU
		{60D8A49D-313D-47D6-A041-A1293E76DC72}.Release|x64.ActiveCfg = Release|Any CPU
		{60D8A49D-313D-47D6-A041-A1293E76DC72}.Release|x64.Build.0 = Release|Any CPU
		{60D8A49D-313D-47D6-A041-A1293E76DC72}.Release|x86.ActiveCfg = Release|Any CPU
		{60D8A49D-313D-47D6-A041-A1293E76DC72}.Release|x86.Build.0 = Release|Any CPU
		{34444EC9-768E-4D4C-8DC1-6E34866BEC37}.Debug|Any CPU.ActiveCfg = Debug|Any CPU
		{34444EC9-768E-4D4C-8DC1-6E34866BEC37}.Debug|Any CPU.Build.0 = Debug|Any CPU
		{34444EC9-768E-4D4C-8DC1-6E34866BEC37}.Debug|x64.ActiveCfg = Debug|Any CPU
		{34444EC9-768E-4D4C-8DC1-6E34866BEC37}.Debug|x64.Build.0 = Debug|Any CPU
		{34444EC9-768E-4D4C-8DC1-6E34866BEC37}.Debug|x86.ActiveCfg = Debug|Any CPU
		{34444EC9-768E-4D4C-8DC1-6E34866BEC37}.Debug|x86.Build.0 = Debug|Any CPU
		{34444EC9-768E-4D4C-8DC1-6E34866BEC37}.Release|Any CPU.ActiveCfg = Release|Any CPU
		{34444EC9-768E-4D4C-8DC1-6E34866BEC37}.Release|Any CPU.Build.0 = Release|Any CPU
		{34444EC9-768E-4D4C-8DC1-6E34866BEC37}.Release|x64.ActiveCfg = Release|Any CPU
		{34444EC9-768E-4D4C-8DC1-6E34866BEC37}.Release|x64.Build.0 = Release|Any CPU
		{34444EC9-768E-4D4C-8DC1-6E34866BEC37}.Release|x86.ActiveCfg = Release|Any CPU
		{34444EC9-768E-4D4C-8DC1-6E34866BEC37}.Release|x86.Build.0 = Release|Any CPU
		{24E8E5B7-0E08-4FAE-BECB-695F7CBAEA80}.Debug|Any CPU.ActiveCfg = Debug|Any CPU
		{24E8E5B7-0E08-4FAE-BECB-695F7CBAEA80}.Debug|Any CPU.Build.0 = Debug|Any CPU
		{24E8E5B7-0E08-4FAE-BECB-695F7CBAEA80}.Debug|x64.ActiveCfg = Debug|Any CPU
		{24E8E5B7-0E08-4FAE-BECB-695F7CBAEA80}.Debug|x64.Build.0 = Debug|Any CPU
		{24E8E5B7-0E08-4FAE-BECB-695F7CBAEA80}.Debug|x86.ActiveCfg = Debug|Any CPU
		{24E8E5B7-0E08-4FAE-BECB-695F7CBAEA80}.Debug|x86.Build.0 = Debug|Any CPU
		{24E8E5B7-0E08-4FAE-BECB-695F7CBAEA80}.Release|Any CPU.ActiveCfg = Release|Any CPU
		{24E8E5B7-0E08-4FAE-BECB-695F7CBAEA80}.Release|Any CPU.Build.0 = Release|Any CPU
		{24E8E5B7-0E08-4FAE-BECB-695F7CBAEA80}.Release|x64.ActiveCfg = Release|Any CPU
		{24E8E5B7-0E08-4FAE-BECB-695F7CBAEA80}.Release|x64.Build.0 = Release|Any CPU
		{24E8E5B7-0E08-4FAE-BECB-695F7CBAEA80}.Release|x86.ActiveCfg = Release|Any CPU
		{24E8E5B7-0E08-4FAE-BECB-695F7CBAEA80}.Release|x86.Build.0 = Release|Any CPU
		{88A7299E-A9D5-4CAD-8524-E15741074EFE}.Debug|Any CPU.ActiveCfg = Debug|Any CPU
		{88A7299E-A9D5-4CAD-8524-E15741074EFE}.Debug|Any CPU.Build.0 = Debug|Any CPU
		{88A7299E-A9D5-4CAD-8524-E15741074EFE}.Debug|x64.ActiveCfg = Debug|Any CPU
		{88A7299E-A9D5-4CAD-8524-E15741074EFE}.Debug|x64.Build.0 = Debug|Any CPU
		{88A7299E-A9D5-4CAD-8524-E15741074EFE}.Debug|x86.ActiveCfg = Debug|Any CPU
		{88A7299E-A9D5-4CAD-8524-E15741074EFE}.Debug|x86.Build.0 = Debug|Any CPU
		{88A7299E-A9D5-4CAD-8524-E15741074EFE}.Release|Any CPU.ActiveCfg = Release|Any CPU
		{88A7299E-A9D5-4CAD-8524-E15741074EFE}.Release|Any CPU.Build.0 = Release|Any CPU
		{88A7299E-A9D5-4CAD-8524-E15741074EFE}.Release|x64.ActiveCfg = Release|Any CPU
		{88A7299E-A9D5-4CAD-8524-E15741074EFE}.Release|x64.Build.0 = Release|Any CPU
		{88A7299E-A9D5-4CAD-8524-E15741074EFE}.Release|x86.ActiveCfg = Release|Any CPU
		{88A7299E-A9D5-4CAD-8524-E15741074EFE}.Release|x86.Build.0 = Release|Any CPU
		{5493A5BC-946E-4B34-9545-51170BAEED05}.Debug|Any CPU.ActiveCfg = Debug|Any CPU
		{5493A5BC-946E-4B34-9545-51170BAEED05}.Debug|Any CPU.Build.0 = Debug|Any CPU
		{5493A5BC-946E-4B34-9545-51170BAEED05}.Debug|x64.ActiveCfg = Debug|Any CPU
		{5493A5BC-946E-4B34-9545-51170BAEED05}.Debug|x64.Build.0 = Debug|Any CPU
		{5493A5BC-946E-4B34-9545-51170BAEED05}.Debug|x86.ActiveCfg = Debug|Any CPU
		{5493A5BC-946E-4B34-9545-51170BAEED05}.Debug|x86.Build.0 = Debug|Any CPU
		{5493A5BC-946E-4B34-9545-51170BAEED05}.Release|Any CPU.ActiveCfg = Release|Any CPU
		{5493A5BC-946E-4B34-9545-51170BAEED05}.Release|Any CPU.Build.0 = Release|Any CPU
		{5493A5BC-946E-4B34-9545-51170BAEED05}.Release|x64.ActiveCfg = Release|Any CPU
		{5493A5BC-946E-4B34-9545-51170BAEED05}.Release|x64.Build.0 = Release|Any CPU
		{5493A5BC-946E-4B34-9545-51170BAEED05}.Release|x86.ActiveCfg = Release|Any CPU
		{5493A5BC-946E-4B34-9545-51170BAEED05}.Release|x86.Build.0 = Release|Any CPU
		{42008704-46E5-4229-8EBB-A3282BFBA444}.Debug|Any CPU.ActiveCfg = Debug|Any CPU
		{42008704-46E5-4229-8EBB-A3282BFBA444}.Debug|Any CPU.Build.0 = Debug|Any CPU
		{42008704-46E5-4229-8EBB-A3282BFBA444}.Debug|x64.ActiveCfg = Debug|Any CPU
		{42008704-46E5-4229-8EBB-A3282BFBA444}.Debug|x64.Build.0 = Debug|Any CPU
		{42008704-46E5-4229-8EBB-A3282BFBA444}.Debug|x86.ActiveCfg = Debug|Any CPU
		{42008704-46E5-4229-8EBB-A3282BFBA444}.Debug|x86.Build.0 = Debug|Any CPU
		{42008704-46E5-4229-8EBB-A3282BFBA444}.Release|Any CPU.ActiveCfg = Release|Any CPU
		{42008704-46E5-4229-8EBB-A3282BFBA444}.Release|Any CPU.Build.0 = Release|Any CPU
		{42008704-46E5-4229-8EBB-A3282BFBA444}.Release|x64.ActiveCfg = Release|Any CPU
		{42008704-46E5-4229-8EBB-A3282BFBA444}.Release|x64.Build.0 = Release|Any CPU
		{42008704-46E5-4229-8EBB-A3282BFBA444}.Release|x86.ActiveCfg = Release|Any CPU
		{42008704-46E5-4229-8EBB-A3282BFBA444}.Release|x86.Build.0 = Release|Any CPU
		{9B97371A-82F2-40F8-BA08-8FAA5392BBA9}.Debug|Any CPU.ActiveCfg = Debug|Any CPU
		{9B97371A-82F2-40F8-BA08-8FAA5392BBA9}.Debug|Any CPU.Build.0 = Debug|Any CPU
		{9B97371A-82F2-40F8-BA08-8FAA5392BBA9}.Debug|x64.ActiveCfg = Debug|Any CPU
		{9B97371A-82F2-40F8-BA08-8FAA5392BBA9}.Debug|x64.Build.0 = Debug|Any CPU
		{9B97371A-82F2-40F8-BA08-8FAA5392BBA9}.Debug|x86.ActiveCfg = Debug|Any CPU
		{9B97371A-82F2-40F8-BA08-8FAA5392BBA9}.Debug|x86.Build.0 = Debug|Any CPU
		{9B97371A-82F2-40F8-BA08-8FAA5392BBA9}.Release|Any CPU.ActiveCfg = Release|Any CPU
		{9B97371A-82F2-40F8-BA08-8FAA5392BBA9}.Release|Any CPU.Build.0 = Release|Any CPU
		{9B97371A-82F2-40F8-BA08-8FAA5392BBA9}.Release|x64.ActiveCfg = Release|Any CPU
		{9B97371A-82F2-40F8-BA08-8FAA5392BBA9}.Release|x64.Build.0 = Release|Any CPU
		{9B97371A-82F2-40F8-BA08-8FAA5392BBA9}.Release|x86.ActiveCfg = Release|Any CPU
		{9B97371A-82F2-40F8-BA08-8FAA5392BBA9}.Release|x86.Build.0 = Release|Any CPU
	EndGlobalSection
	GlobalSection(SolutionProperties) = preSolution
		HideSolutionNode = FALSE
	EndGlobalSection
	GlobalSection(NestedProjects) = preSolution
		{1CBD5029-4D75-4EEE-AAE4-96356050165F} = {827E0CD3-B72D-47B6-A68D-7590B98EB39B}
		{8426B8B8-F69F-48AC-82F8-4B06387359A9} = {0AB3BF05-4346-4AA6-1389-037BE0695223}
		{12D0DBF1-A11F-42F9-BD11-06D734EBD89E} = {827E0CD3-B72D-47B6-A68D-7590B98EB39B}
		{CE57C69D-F84C-4353-8DEB-76AF4F2EE21D} = {827E0CD3-B72D-47B6-A68D-7590B98EB39B}
		{50D1889A-274E-4696-B88E-2EB2B9EAC55A} = {827E0CD3-B72D-47B6-A68D-7590B98EB39B}
		{0E032925-8FC2-4AE3-9CE3-1D894368F1A0} = {827E0CD3-B72D-47B6-A68D-7590B98EB39B}
		{7B09CDB9-51E3-48EB-A0F3-FC3BB97FD6DE} = {827E0CD3-B72D-47B6-A68D-7590B98EB39B}
		{83E22A67-CF75-44E8-A33E-CF41388753DA} = {0AB3BF05-4346-4AA6-1389-037BE0695223}
		{60D8A49D-313D-47D6-A041-A1293E76DC72} = {827E0CD3-B72D-47B6-A68D-7590B98EB39B}
		{34444EC9-768E-4D4C-8DC1-6E34866BEC37} = {827E0CD3-B72D-47B6-A68D-7590B98EB39B}
		{24E8E5B7-0E08-4FAE-BECB-695F7CBAEA80} = {827E0CD3-B72D-47B6-A68D-7590B98EB39B}
		{88A7299E-A9D5-4CAD-8524-E15741074EFE} = {0AB3BF05-4346-4AA6-1389-037BE0695223}
		{5493A5BC-946E-4B34-9545-51170BAEED05} = {827E0CD3-B72D-47B6-A68D-7590B98EB39B}
		{42008704-46E5-4229-8EBB-A3282BFBA444} = {827E0CD3-B72D-47B6-A68D-7590B98EB39B}
		{9B97371A-82F2-40F8-BA08-8FAA5392BBA9} = {0AB3BF05-4346-4AA6-1389-037BE0695223}
	EndGlobalSection
EndGlobal
